
Microsoft Visual Studio Solution File, Format Version 12.00
# Visual Studio 15
VisualStudioVersion = 15.0.28010.2050
MinimumVisualStudioVersion = 10.0.40219.1
Project("{FAE04EC0-301F-11D3-BF4B-00C04F79EFBC}") = "CityBoost", "CityBoost\CityBoost.csproj", "{DA03A0F2-96AB-48D5-BC86-8C0B5CD5FEFE}"
EndProject
Global
	GlobalSection(SolutionConfigurationPlatforms) = preSolution
		Debug|Any CPU = Debug|Any CPU
		Release|Any CPU = Release|Any CPU
	EndGlobalSection
	GlobalSection(ProjectConfigurationPlatforms) = postSolution
		{DA03A0F2-96AB-48D5-BC86-8C0B5CD5FEFE}.Debug|Any CPU.ActiveCfg = Debug|Any CPU
		{DA03A0F2-96AB-48D5-BC86-8C0B5CD5FEFE}.Debug|Any CPU.Build.0 = Debug|Any CPU
		{DA03A0F2-96AB-48D5-BC86-8C0B5CD5FEFE}.Release|Any CPU.ActiveCfg = Release|Any CPU
		{DA03A0F2-96AB-48D5-BC86-8C0B5CD5FEFE}.Release|Any CPU.Build.0 = Release|Any CPU
	EndGlobalSection
	GlobalSection(SolutionProperties) = preSolution
		HideSolutionNode = FALSE
	EndGlobalSection
	GlobalSection(ExtensibilityGlobals) = postSolution
		SolutionGuid = {7FF6C355-572C-4B9A-867F-E55F169CED20}
	EndGlobalSection
EndGlobal
